
Microsoft Visual Studio Solution File, Format Version 12.00
# Visual Studio 14
VisualStudioVersion = 14.0.25420.1
MinimumVisualStudioVersion = 10.0.40219.1
Project("{2150E333-8FDC-42A3-9474-1A3956D46DE8}") = "Services", "Services", "{1A07DFF2-7380-4213-9CA2-B1850E841D68}"
EndProject
Project("{2150E333-8FDC-42A3-9474-1A3956D46DE8}") = "Client", "Client", "{DE5C4958-7C0C-41B8-ACA3-118730333074}"
EndProject
Project("{FAE04EC0-301F-11D3-BF4B-00C04F79EFBC}") = "MSCorp.FirstResponse.Client", "src\client\MSCorp.FirstResponse.Client\MSCorp.FirstResponse.Client.csproj", "{B4C662FC-E50B-4040-90DB-F801E1548213}"
EndProject
Project("{FAE04EC0-301F-11D3-BF4B-00C04F79EFBC}") = "MSCorp.FirstResponse.Client.Droid", "src\client\MSCorp.FirstResponse.Client.Droid\MSCorp.FirstResponse.Client.Droid.csproj", "{EDB58188-9C39-447C-8E8B-EA056C30F432}"
EndProject
Project("{FAE04EC0-301F-11D3-BF4B-00C04F79EFBC}") = "MSCorp.FirstResponse.Client.iOS", "src\client\MSCorp.FirstResponse.Client.iOS\MSCorp.FirstResponse.Client.iOS.csproj", "{6BEB6708-B391-46C9-8A2F-E2BD7657993D}"
EndProject
Project("{FAE04EC0-301F-11D3-BF4B-00C04F79EFBC}") = "MSCorp.FirstResponse.Client.UWP", "src\client\MSCorp.FirstResponse.Client.UWP\MSCorp.FirstResponse.Client.UWP.csproj", "{9BEE8034-D7F9-431D-B74A-EBFF17E8FB09}"
EndProject
Project("{FAE04EC0-301F-11D3-BF4B-00C04F79EFBC}") = "MSCorp.FirstResponse.WebApiDemo", "src\API\MSCorp.FirstResponse.WebApiDemo\MSCorp.FirstResponse.WebApiDemo.csproj", "{B04F63DC-63EE-4B23-AC68-ACD9C7444ACF}"
EndProject
Project("{FAE04EC0-301F-11D3-BF4B-00C04F79EFBC}") = "MSCorp.FirstResponse.WebApiDemo.Data", "src\API\MSCorp.FirstResponse.WebApiDemo.Data\MSCorp.FirstResponse.WebApiDemo.Data.csproj", "{1DBF6812-08E4-471B-98D6-A4947762451F}"
EndProject
Global
	GlobalSection(SolutionConfigurationPlatforms) = preSolution
		Ad-Hoc|Any CPU = Ad-Hoc|Any CPU
		Ad-Hoc|ARM = Ad-Hoc|ARM
		Ad-Hoc|iPhone = Ad-Hoc|iPhone
		Ad-Hoc|iPhoneSimulator = Ad-Hoc|iPhoneSimulator
		Ad-Hoc|x64 = Ad-Hoc|x64
		Ad-Hoc|x86 = Ad-Hoc|x86
		AppStore|Any CPU = AppStore|Any CPU
		AppStore|ARM = AppStore|ARM
		AppStore|iPhone = AppStore|iPhone
		AppStore|iPhoneSimulator = AppStore|iPhoneSimulator
		AppStore|x64 = AppStore|x64
		AppStore|x86 = AppStore|x86
		Debug|Any CPU = Debug|Any CPU
		Debug|ARM = Debug|ARM
		Debug|iPhone = Debug|iPhone
		Debug|iPhoneSimulator = Debug|iPhoneSimulator
		Debug|x64 = Debug|x64
		Debug|x86 = Debug|x86
		Release|Any CPU = Release|Any CPU
		Release|ARM = Release|ARM
		Release|iPhone = Release|iPhone
		Release|iPhoneSimulator = Release|iPhoneSimulator
		Release|x64 = Release|x64
		Release|x86 = Release|x86
	EndGlobalSection
	GlobalSection(ProjectConfigurationPlatforms) = postSolution
		{B4C662FC-E50B-4040-90DB-F801E1548213}.Ad-Hoc|Any CPU.ActiveCfg = Release|Any CPU
		{B4C662FC-E50B-4040-90DB-F801E1548213}.Ad-Hoc|Any CPU.Build.0 = Release|Any CPU
		{B4C662FC-E50B-4040-90DB-F801E1548213}.Ad-Hoc|ARM.ActiveCfg = Release|Any CPU
		{B4C662FC-E50B-4040-90DB-F801E1548213}.Ad-Hoc|ARM.Build.0 = Release|Any CPU
		{B4C662FC-E50B-4040-90DB-F801E1548213}.Ad-Hoc|iPhone.ActiveCfg = Release|Any CPU
		{B4C662FC-E50B-4040-90DB-F801E1548213}.Ad-Hoc|iPhone.Build.0 = Release|Any CPU
		{B4C662FC-E50B-4040-90DB-F801E1548213}.Ad-Hoc|iPhoneSimulator.ActiveCfg = Release|Any CPU
		{B4C662FC-E50B-4040-90DB-F801E1548213}.Ad-Hoc|iPhoneSimulator.Build.0 = Release|Any CPU
		{B4C662FC-E50B-4040-90DB-F801E1548213}.Ad-Hoc|x64.ActiveCfg = Release|Any CPU
		{B4C662FC-E50B-4040-90DB-F801E1548213}.Ad-Hoc|x64.Build.0 = Release|Any CPU
		{B4C662FC-E50B-4040-90DB-F801E1548213}.Ad-Hoc|x86.ActiveCfg = Release|Any CPU
		{B4C662FC-E50B-4040-90DB-F801E1548213}.Ad-Hoc|x86.Build.0 = Release|Any CPU
		{B4C662FC-E50B-4040-90DB-F801E1548213}.AppStore|Any CPU.ActiveCfg = Release|Any CPU
		{B4C662FC-E50B-4040-90DB-F801E1548213}.AppStore|Any CPU.Build.0 = Release|Any CPU
		{B4C662FC-E50B-4040-90DB-F801E1548213}.AppStore|ARM.ActiveCfg = Release|Any CPU
		{B4C662FC-E50B-4040-90DB-F801E1548213}.AppStore|ARM.Build.0 = Release|Any CPU
		{B4C662FC-E50B-4040-90DB-F801E1548213}.AppStore|iPhone.ActiveCfg = Release|Any CPU
		{B4C662FC-E50B-4040-90DB-F801E1548213}.AppStore|iPhone.Build.0 = Release|Any CPU
		{B4C662FC-E50B-4040-90DB-F801E1548213}.AppStore|iPhoneSimulator.ActiveCfg = Release|Any CPU
		{B4C662FC-E50B-4040-90DB-F801E1548213}.AppStore|iPhoneSimulator.Build.0 = Release|Any CPU
		{B4C662FC-E50B-4040-90DB-F801E1548213}.AppStore|x64.ActiveCfg = Release|Any CPU
		{B4C662FC-E50B-4040-90DB-F801E1548213}.AppStore|x64.Build.0 = Release|Any CPU
		{B4C662FC-E50B-4040-90DB-F801E1548213}.AppStore|x86.ActiveCfg = Release|Any CPU
		{B4C662FC-E50B-4040-90DB-F801E1548213}.AppStore|x86.Build.0 = Release|Any CPU
		{B4C662FC-E50B-4040-90DB-F801E1548213}.Debug|Any CPU.ActiveCfg = Debug|Any CPU
		{B4C662FC-E50B-4040-90DB-F801E1548213}.Debug|Any CPU.Build.0 = Debug|Any CPU
		{B4C662FC-E50B-4040-90DB-F801E1548213}.Debug|ARM.ActiveCfg = Debug|Any CPU
		{B4C662FC-E50B-4040-90DB-F801E1548213}.Debug|ARM.Build.0 = Debug|Any CPU
		{B4C662FC-E50B-4040-90DB-F801E1548213}.Debug|iPhone.ActiveCfg = Debug|Any CPU
		{B4C662FC-E50B-4040-90DB-F801E1548213}.Debug|iPhone.Build.0 = Debug|Any CPU
		{B4C662FC-E50B-4040-90DB-F801E1548213}.Debug|iPhoneSimulator.ActiveCfg = Debug|Any CPU
		{B4C662FC-E50B-4040-90DB-F801E1548213}.Debug|iPhoneSimulator.Build.0 = Debug|Any CPU
		{B4C662FC-E50B-4040-90DB-F801E1548213}.Debug|x64.ActiveCfg = Debug|Any CPU
		{B4C662FC-E50B-4040-90DB-F801E1548213}.Debug|x64.Build.0 = Debug|Any CPU
		{B4C662FC-E50B-4040-90DB-F801E1548213}.Debug|x86.ActiveCfg = Debug|Any CPU
		{B4C662FC-E50B-4040-90DB-F801E1548213}.Debug|x86.Build.0 = Debug|Any CPU
		{B4C662FC-E50B-4040-90DB-F801E1548213}.Release|Any CPU.ActiveCfg = Release|Any CPU
		{B4C662FC-E50B-4040-90DB-F801E1548213}.Release|Any CPU.Build.0 = Release|Any CPU
		{B4C662FC-E50B-4040-90DB-F801E1548213}.Release|ARM.ActiveCfg = Release|Any CPU
		{B4C662FC-E50B-4040-90DB-F801E1548213}.Release|ARM.Build.0 = Release|Any CPU
		{B4C662FC-E50B-4040-90DB-F801E1548213}.Release|iPhone.ActiveCfg = Release|Any CPU
		{B4C662FC-E50B-4040-90DB-F801E1548213}.Release|iPhone.Build.0 = Release|Any CPU
		{B4C662FC-E50B-4040-90DB-F801E1548213}.Release|iPhoneSimulator.ActiveCfg = Release|Any CPU
		{B4C662FC-E50B-4040-90DB-F801E1548213}.Release|iPhoneSimulator.Build.0 = Release|Any CPU
		{B4C662FC-E50B-4040-90DB-F801E1548213}.Release|x64.ActiveCfg = Release|Any CPU
		{B4C662FC-E50B-4040-90DB-F801E1548213}.Release|x64.Build.0 = Release|Any CPU
		{B4C662FC-E50B-4040-90DB-F801E1548213}.Release|x86.ActiveCfg = Release|Any CPU
		{B4C662FC-E50B-4040-90DB-F801E1548213}.Release|x86.Build.0 = Release|Any CPU
		{EDB58188-9C39-447C-8E8B-EA056C30F432}.Ad-Hoc|Any CPU.ActiveCfg = Release|Any CPU
		{EDB58188-9C39-447C-8E8B-EA056C30F432}.Ad-Hoc|Any CPU.Build.0 = Release|Any CPU
		{EDB58188-9C39-447C-8E8B-EA056C30F432}.Ad-Hoc|Any CPU.Deploy.0 = Release|Any CPU
		{EDB58188-9C39-447C-8E8B-EA056C30F432}.Ad-Hoc|ARM.ActiveCfg = Release|Any CPU
		{EDB58188-9C39-447C-8E8B-EA056C30F432}.Ad-Hoc|ARM.Build.0 = Release|Any CPU
		{EDB58188-9C39-447C-8E8B-EA056C30F432}.Ad-Hoc|ARM.Deploy.0 = Release|Any CPU
		{EDB58188-9C39-447C-8E8B-EA056C30F432}.Ad-Hoc|iPhone.ActiveCfg = Release|Any CPU
		{EDB58188-9C39-447C-8E8B-EA056C30F432}.Ad-Hoc|iPhone.Build.0 = Release|Any CPU
		{EDB58188-9C39-447C-8E8B-EA056C30F432}.Ad-Hoc|iPhone.Deploy.0 = Release|Any CPU
		{EDB58188-9C39-447C-8E8B-EA056C30F432}.Ad-Hoc|iPhoneSimulator.ActiveCfg = Release|Any CPU
		{EDB58188-9C39-447C-8E8B-EA056C30F432}.Ad-Hoc|iPhoneSimulator.Build.0 = Release|Any CPU
		{EDB58188-9C39-447C-8E8B-EA056C30F432}.Ad-Hoc|iPhoneSimulator.Deploy.0 = Release|Any CPU
		{EDB58188-9C39-447C-8E8B-EA056C30F432}.Ad-Hoc|x64.ActiveCfg = Release|Any CPU
		{EDB58188-9C39-447C-8E8B-EA056C30F432}.Ad-Hoc|x64.Build.0 = Release|Any CPU
		{EDB58188-9C39-447C-8E8B-EA056C30F432}.Ad-Hoc|x64.Deploy.0 = Release|Any CPU
		{EDB58188-9C39-447C-8E8B-EA056C30F432}.Ad-Hoc|x86.ActiveCfg = Release|Any CPU
		{EDB58188-9C39-447C-8E8B-EA056C30F432}.Ad-Hoc|x86.Build.0 = Release|Any CPU
		{EDB58188-9C39-447C-8E8B-EA056C30F432}.Ad-Hoc|x86.Deploy.0 = Release|Any CPU
		{EDB58188-9C39-447C-8E8B-EA056C30F432}.AppStore|Any CPU.ActiveCfg = Release|Any CPU
		{EDB58188-9C39-447C-8E8B-EA056C30F432}.AppStore|Any CPU.Build.0 = Release|Any CPU
		{EDB58188-9C39-447C-8E8B-EA056C30F432}.AppStore|Any CPU.Deploy.0 = Release|Any CPU
		{EDB58188-9C39-447C-8E8B-EA056C30F432}.AppStore|ARM.ActiveCfg = Release|Any CPU
		{EDB58188-9C39-447C-8E8B-EA056C30F432}.AppStore|ARM.Build.0 = Release|Any CPU
		{EDB58188-9C39-447C-8E8B-EA056C30F432}.AppStore|ARM.Deploy.0 = Release|Any CPU
		{EDB58188-9C39-447C-8E8B-EA056C30F432}.AppStore|iPhone.ActiveCfg = Release|Any CPU
		{EDB58188-9C39-447C-8E8B-EA056C30F432}.AppStore|iPhone.Build.0 = Release|Any CPU
		{EDB58188-9C39-447C-8E8B-EA056C30F432}.AppStore|iPhone.Deploy.0 = Release|Any CPU
		{EDB58188-9C39-447C-8E8B-EA056C30F432}.AppStore|iPhoneSimulator.ActiveCfg = Release|Any CPU
		{EDB58188-9C39-447C-8E8B-EA056C30F432}.AppStore|iPhoneSimulator.Build.0 = Release|Any CPU
		{EDB58188-9C39-447C-8E8B-EA056C30F432}.AppStore|iPhoneSimulator.Deploy.0 = Release|Any CPU
		{EDB58188-9C39-447C-8E8B-EA056C30F432}.AppStore|x64.ActiveCfg = Release|Any CPU
		{EDB58188-9C39-447C-8E8B-EA056C30F432}.AppStore|x64.Build.0 = Release|Any CPU
		{EDB58188-9C39-447C-8E8B-EA056C30F432}.AppStore|x64.Deploy.0 = Release|Any CPU
		{EDB58188-9C39-447C-8E8B-EA056C30F432}.AppStore|x86.ActiveCfg = Release|Any CPU
		{EDB58188-9C39-447C-8E8B-EA056C30F432}.AppStore|x86.Build.0 = Release|Any CPU
		{EDB58188-9C39-447C-8E8B-EA056C30F432}.AppStore|x86.Deploy.0 = Release|Any CPU
		{EDB58188-9C39-447C-8E8B-EA056C30F432}.Debug|Any CPU.ActiveCfg = Debug|Any CPU
		{EDB58188-9C39-447C-8E8B-EA056C30F432}.Debug|Any CPU.Build.0 = Debug|Any CPU
		{EDB58188-9C39-447C-8E8B-EA056C30F432}.Debug|Any CPU.Deploy.0 = Debug|Any CPU
		{EDB58188-9C39-447C-8E8B-EA056C30F432}.Debug|ARM.ActiveCfg = Debug|Any CPU
		{EDB58188-9C39-447C-8E8B-EA056C30F432}.Debug|ARM.Build.0 = Debug|Any CPU
		{EDB58188-9C39-447C-8E8B-EA056C30F432}.Debug|ARM.Deploy.0 = Debug|Any CPU
		{EDB58188-9C39-447C-8E8B-EA056C30F432}.Debug|iPhone.ActiveCfg = Debug|Any CPU
		{EDB58188-9C39-447C-8E8B-EA056C30F432}.Debug|iPhone.Build.0 = Debug|Any CPU
		{EDB58188-9C39-447C-8E8B-EA056C30F432}.Debug|iPhone.Deploy.0 = Debug|Any CPU
		{EDB58188-9C39-447C-8E8B-EA056C30F432}.Debug|iPhoneSimulator.ActiveCfg = Debug|Any CPU
		{EDB58188-9C39-447C-8E8B-EA056C30F432}.Debug|iPhoneSimulator.Build.0 = Debug|Any CPU
		{EDB58188-9C39-447C-8E8B-EA056C30F432}.Debug|iPhoneSimulator.Deploy.0 = Debug|Any CPU
		{EDB58188-9C39-447C-8E8B-EA056C30F432}.Debug|x64.ActiveCfg = Debug|Any CPU
		{EDB58188-9C39-447C-8E8B-EA056C30F432}.Debug|x64.Build.0 = Debug|Any CPU
		{EDB58188-9C39-447C-8E8B-EA056C30F432}.Debug|x64.Deploy.0 = Debug|Any CPU
		{EDB58188-9C39-447C-8E8B-EA056C30F432}.Debug|x86.ActiveCfg = Debug|Any CPU
		{EDB58188-9C39-447C-8E8B-EA056C30F432}.Debug|x86.Build.0 = Debug|Any CPU
		{EDB58188-9C39-447C-8E8B-EA056C30F432}.Debug|x86.Deploy.0 = Debug|Any CPU
		{EDB58188-9C39-447C-8E8B-EA056C30F432}.Release|Any CPU.ActiveCfg = Release|Any CPU
		{EDB58188-9C39-447C-8E8B-EA056C30F432}.Release|Any CPU.Build.0 = Release|Any CPU
		{EDB58188-9C39-447C-8E8B-EA056C30F432}.Release|Any CPU.Deploy.0 = Release|Any CPU
		{EDB58188-9C39-447C-8E8B-EA056C30F432}.Release|ARM.ActiveCfg = Release|Any CPU
		{EDB58188-9C39-447C-8E8B-EA056C30F432}.Release|ARM.Build.0 = Release|Any CPU
		{EDB58188-9C39-447C-8E8B-EA056C30F432}.Release|ARM.Deploy.0 = Release|Any CPU
		{EDB58188-9C39-447C-8E8B-EA056C30F432}.Release|iPhone.ActiveCfg = Release|Any CPU
		{EDB58188-9C39-447C-8E8B-EA056C30F432}.Release|iPhone.Build.0 = Release|Any CPU
		{EDB58188-9C39-447C-8E8B-EA056C30F432}.Release|iPhone.Deploy.0 = Release|Any CPU
		{EDB58188-9C39-447C-8E8B-EA056C30F432}.Release|iPhoneSimulator.ActiveCfg = Release|Any CPU
		{EDB58188-9C39-447C-8E8B-EA056C30F432}.Release|iPhoneSimulator.Build.0 = Release|Any CPU
		{EDB58188-9C39-447C-8E8B-EA056C30F432}.Release|iPhoneSimulator.Deploy.0 = Release|Any CPU
		{EDB58188-9C39-447C-8E8B-EA056C30F432}.Release|x64.ActiveCfg = Release|Any CPU
		{EDB58188-9C39-447C-8E8B-EA056C30F432}.Release|x64.Build.0 = Release|Any CPU
		{EDB58188-9C39-447C-8E8B-EA056C30F432}.Release|x64.Deploy.0 = Release|Any CPU
		{EDB58188-9C39-447C-8E8B-EA056C30F432}.Release|x86.ActiveCfg = Release|Any CPU
		{EDB58188-9C39-447C-8E8B-EA056C30F432}.Release|x86.Build.0 = Release|Any CPU
		{EDB58188-9C39-447C-8E8B-EA056C30F432}.Release|x86.Deploy.0 = Release|Any CPU
		{6BEB6708-B391-46C9-8A2F-E2BD7657993D}.Ad-Hoc|Any CPU.ActiveCfg = Ad-Hoc|iPhone
		{6BEB6708-B391-46C9-8A2F-E2BD7657993D}.Ad-Hoc|ARM.ActiveCfg = Ad-Hoc|iPhone
		{6BEB6708-B391-46C9-8A2F-E2BD7657993D}.Ad-Hoc|iPhone.ActiveCfg = Ad-Hoc|iPhone
		{6BEB6708-B391-46C9-8A2F-E2BD7657993D}.Ad-Hoc|iPhone.Build.0 = Ad-Hoc|iPhone
		{6BEB6708-B391-46C9-8A2F-E2BD7657993D}.Ad-Hoc|iPhoneSimulator.ActiveCfg = Ad-Hoc|iPhoneSimulator
		{6BEB6708-B391-46C9-8A2F-E2BD7657993D}.Ad-Hoc|iPhoneSimulator.Build.0 = Ad-Hoc|iPhoneSimulator
		{6BEB6708-B391-46C9-8A2F-E2BD7657993D}.Ad-Hoc|x64.ActiveCfg = Ad-Hoc|iPhone
		{6BEB6708-B391-46C9-8A2F-E2BD7657993D}.Ad-Hoc|x86.ActiveCfg = Ad-Hoc|iPhone
		{6BEB6708-B391-46C9-8A2F-E2BD7657993D}.AppStore|Any CPU.ActiveCfg = AppStore|iPhone
		{6BEB6708-B391-46C9-8A2F-E2BD7657993D}.AppStore|ARM.ActiveCfg = AppStore|iPhone
		{6BEB6708-B391-46C9-8A2F-E2BD7657993D}.AppStore|iPhone.ActiveCfg = AppStore|iPhone
		{6BEB6708-B391-46C9-8A2F-E2BD7657993D}.AppStore|iPhone.Build.0 = AppStore|iPhone
		{6BEB6708-B391-46C9-8A2F-E2BD7657993D}.AppStore|iPhoneSimulator.ActiveCfg = AppStore|iPhoneSimulator
		{6BEB6708-B391-46C9-8A2F-E2BD7657993D}.AppStore|iPhoneSimulator.Build.0 = AppStore|iPhoneSimulator
		{6BEB6708-B391-46C9-8A2F-E2BD7657993D}.AppStore|x64.ActiveCfg = AppStore|iPhone
		{6BEB6708-B391-46C9-8A2F-E2BD7657993D}.AppStore|x86.ActiveCfg = AppStore|iPhone
		{6BEB6708-B391-46C9-8A2F-E2BD7657993D}.Debug|Any CPU.ActiveCfg = Debug|iPhone
		{6BEB6708-B391-46C9-8A2F-E2BD7657993D}.Debug|Any CPU.Build.0 = Debug|iPhone
		{6BEB6708-B391-46C9-8A2F-E2BD7657993D}.Debug|ARM.ActiveCfg = Debug|iPhone
		{6BEB6708-B391-46C9-8A2F-E2BD7657993D}.Debug|iPhone.ActiveCfg = Debug|iPhone
		{6BEB6708-B391-46C9-8A2F-E2BD7657993D}.Debug|iPhone.Build.0 = Debug|iPhone
		{6BEB6708-B391-46C9-8A2F-E2BD7657993D}.Debug|iPhoneSimulator.ActiveCfg = Debug|iPhoneSimulator
		{6BEB6708-B391-46C9-8A2F-E2BD7657993D}.Debug|iPhoneSimulator.Build.0 = Debug|iPhoneSimulator
		{6BEB6708-B391-46C9-8A2F-E2BD7657993D}.Debug|x64.ActiveCfg = Debug|iPhone
		{6BEB6708-B391-46C9-8A2F-E2BD7657993D}.Debug|x86.ActiveCfg = Debug|iPhone
		{6BEB6708-B391-46C9-8A2F-E2BD7657993D}.Release|Any CPU.ActiveCfg = Release|iPhone
		{6BEB6708-B391-46C9-8A2F-E2BD7657993D}.Release|ARM.ActiveCfg = Release|iPhone
		{6BEB6708-B391-46C9-8A2F-E2BD7657993D}.Release|iPhone.ActiveCfg = Release|iPhone
		{6BEB6708-B391-46C9-8A2F-E2BD7657993D}.Release|iPhone.Build.0 = Release|iPhone
		{6BEB6708-B391-46C9-8A2F-E2BD7657993D}.Release|iPhoneSimulator.ActiveCfg = Release|iPhoneSimulator
		{6BEB6708-B391-46C9-8A2F-E2BD7657993D}.Release|iPhoneSimulator.Build.0 = Release|iPhoneSimulator
		{6BEB6708-B391-46C9-8A2F-E2BD7657993D}.Release|x64.ActiveCfg = Release|iPhone
		{6BEB6708-B391-46C9-8A2F-E2BD7657993D}.Release|x86.ActiveCfg = Release|iPhone
		{9BEE8034-D7F9-431D-B74A-EBFF17E8FB09}.Ad-Hoc|Any CPU.ActiveCfg = Release|x86
		{9BEE8034-D7F9-431D-B74A-EBFF17E8FB09}.Ad-Hoc|Any CPU.Build.0 = Release|x86
		{9BEE8034-D7F9-431D-B74A-EBFF17E8FB09}.Ad-Hoc|Any CPU.Deploy.0 = Release|x86
		{9BEE8034-D7F9-431D-B74A-EBFF17E8FB09}.Ad-Hoc|ARM.ActiveCfg = Release|ARM
		{9BEE8034-D7F9-431D-B74A-EBFF17E8FB09}.Ad-Hoc|ARM.Build.0 = Release|ARM
		{9BEE8034-D7F9-431D-B74A-EBFF17E8FB09}.Ad-Hoc|ARM.Deploy.0 = Release|ARM
		{9BEE8034-D7F9-431D-B74A-EBFF17E8FB09}.Ad-Hoc|iPhone.ActiveCfg = Release|x86
		{9BEE8034-D7F9-431D-B74A-EBFF17E8FB09}.Ad-Hoc|iPhone.Build.0 = Release|x86
		{9BEE8034-D7F9-431D-B74A-EBFF17E8FB09}.Ad-Hoc|iPhone.Deploy.0 = Release|x86
		{9BEE8034-D7F9-431D-B74A-EBFF17E8FB09}.Ad-Hoc|iPhoneSimulator.ActiveCfg = Release|x86
		{9BEE8034-D7F9-431D-B74A-EBFF17E8FB09}.Ad-Hoc|iPhoneSimulator.Build.0 = Release|x86
		{9BEE8034-D7F9-431D-B74A-EBFF17E8FB09}.Ad-Hoc|iPhoneSimulator.Deploy.0 = Release|x86
		{9BEE8034-D7F9-431D-B74A-EBFF17E8FB09}.Ad-Hoc|x64.ActiveCfg = Release|x64
		{9BEE8034-D7F9-431D-B74A-EBFF17E8FB09}.Ad-Hoc|x64.Build.0 = Release|x64
		{9BEE8034-D7F9-431D-B74A-EBFF17E8FB09}.Ad-Hoc|x64.Deploy.0 = Release|x64
		{9BEE8034-D7F9-431D-B74A-EBFF17E8FB09}.Ad-Hoc|x86.ActiveCfg = Release|x86
		{9BEE8034-D7F9-431D-B74A-EBFF17E8FB09}.Ad-Hoc|x86.Build.0 = Release|x86
		{9BEE8034-D7F9-431D-B74A-EBFF17E8FB09}.Ad-Hoc|x86.Deploy.0 = Release|x86
		{9BEE8034-D7F9-431D-B74A-EBFF17E8FB09}.AppStore|Any CPU.ActiveCfg = Release|x86
		{9BEE8034-D7F9-431D-B74A-EBFF17E8FB09}.AppStore|Any CPU.Build.0 = Release|x86
		{9BEE8034-D7F9-431D-B74A-EBFF17E8FB09}.AppStore|Any CPU.Deploy.0 = Release|x86
		{9BEE8034-D7F9-431D-B74A-EBFF17E8FB09}.AppStore|ARM.ActiveCfg = Release|ARM
		{9BEE8034-D7F9-431D-B74A-EBFF17E8FB09}.AppStore|ARM.Build.0 = Release|ARM
		{9BEE8034-D7F9-431D-B74A-EBFF17E8FB09}.AppStore|ARM.Deploy.0 = Release|ARM
		{9BEE8034-D7F9-431D-B74A-EBFF17E8FB09}.AppStore|iPhone.ActiveCfg = Release|x86
		{9BEE8034-D7F9-431D-B74A-EBFF17E8FB09}.AppStore|iPhone.Build.0 = Release|x86
		{9BEE8034-D7F9-431D-B74A-EBFF17E8FB09}.AppStore|iPhone.Deploy.0 = Release|x86
		{9BEE8034-D7F9-431D-B74A-EBFF17E8FB09}.AppStore|iPhoneSimulator.ActiveCfg = Release|x86
		{9BEE8034-D7F9-431D-B74A-EBFF17E8FB09}.AppStore|iPhoneSimulator.Build.0 = Release|x86
		{9BEE8034-D7F9-431D-B74A-EBFF17E8FB09}.AppStore|iPhoneSimulator.Deploy.0 = Release|x86
		{9BEE8034-D7F9-431D-B74A-EBFF17E8FB09}.AppStore|x64.ActiveCfg = Release|x64
		{9BEE8034-D7F9-431D-B74A-EBFF17E8FB09}.AppStore|x64.Build.0 = Release|x64
		{9BEE8034-D7F9-431D-B74A-EBFF17E8FB09}.AppStore|x64.Deploy.0 = Release|x64
		{9BEE8034-D7F9-431D-B74A-EBFF17E8FB09}.AppStore|x86.ActiveCfg = Release|x86
		{9BEE8034-D7F9-431D-B74A-EBFF17E8FB09}.AppStore|x86.Build.0 = Release|x86
		{9BEE8034-D7F9-431D-B74A-EBFF17E8FB09}.AppStore|x86.Deploy.0 = Release|x86
		{9BEE8034-D7F9-431D-B74A-EBFF17E8FB09}.Debug|Any CPU.ActiveCfg = Debug|x86
		{9BEE8034-D7F9-431D-B74A-EBFF17E8FB09}.Debug|Any CPU.Build.0 = Debug|x86
		{9BEE8034-D7F9-431D-B74A-EBFF17E8FB09}.Debug|Any CPU.Deploy.0 = Debug|x86
		{9BEE8034-D7F9-431D-B74A-EBFF17E8FB09}.Debug|ARM.ActiveCfg = Debug|ARM
		{9BEE8034-D7F9-431D-B74A-EBFF17E8FB09}.Debug|ARM.Build.0 = Debug|ARM
		{9BEE8034-D7F9-431D-B74A-EBFF17E8FB09}.Debug|ARM.Deploy.0 = Debug|ARM
		{9BEE8034-D7F9-431D-B74A-EBFF17E8FB09}.Debug|iPhone.ActiveCfg = Debug|x86
		{9BEE8034-D7F9-431D-B74A-EBFF17E8FB09}.Debug|iPhone.Build.0 = Debug|x86
		{9BEE8034-D7F9-431D-B74A-EBFF17E8FB09}.Debug|iPhone.Deploy.0 = Debug|x86
		{9BEE8034-D7F9-431D-B74A-EBFF17E8FB09}.Debug|iPhoneSimulator.ActiveCfg = Debug|x86
		{9BEE8034-D7F9-431D-B74A-EBFF17E8FB09}.Debug|x64.ActiveCfg = Debug|x64
		{9BEE8034-D7F9-431D-B74A-EBFF17E8FB09}.Debug|x64.Build.0 = Debug|x64
		{9BEE8034-D7F9-431D-B74A-EBFF17E8FB09}.Debug|x64.Deploy.0 = Debug|x64
		{9BEE8034-D7F9-431D-B74A-EBFF17E8FB09}.Debug|x86.ActiveCfg = Debug|x86
		{9BEE8034-D7F9-431D-B74A-EBFF17E8FB09}.Debug|x86.Build.0 = Debug|x86
		{9BEE8034-D7F9-431D-B74A-EBFF17E8FB09}.Debug|x86.Deploy.0 = Debug|x86
		{9BEE8034-D7F9-431D-B74A-EBFF17E8FB09}.Release|Any CPU.ActiveCfg = Release|x86
		{9BEE8034-D7F9-431D-B74A-EBFF17E8FB09}.Release|ARM.ActiveCfg = Release|ARM
		{9BEE8034-D7F9-431D-B74A-EBFF17E8FB09}.Release|ARM.Build.0 = Release|ARM
		{9BEE8034-D7F9-431D-B74A-EBFF17E8FB09}.Release|ARM.Deploy.0 = Release|ARM
		{9BEE8034-D7F9-431D-B74A-EBFF17E8FB09}.Release|iPhone.ActiveCfg = Release|x86
		{9BEE8034-D7F9-431D-B74A-EBFF17E8FB09}.Release|iPhoneSimulator.ActiveCfg = Release|x86
		{9BEE8034-D7F9-431D-B74A-EBFF17E8FB09}.Release|x64.ActiveCfg = Release|x64
		{9BEE8034-D7F9-431D-B74A-EBFF17E8FB09}.Release|x64.Build.0 = Release|x64
		{9BEE8034-D7F9-431D-B74A-EBFF17E8FB09}.Release|x64.Deploy.0 = Release|x64
		{9BEE8034-D7F9-431D-B74A-EBFF17E8FB09}.Release|x86.ActiveCfg = Release|x86
		{9BEE8034-D7F9-431D-B74A-EBFF17E8FB09}.Release|x86.Build.0 = Release|x86
		{9BEE8034-D7F9-431D-B74A-EBFF17E8FB09}.Release|x86.Deploy.0 = Release|x86
		{B04F63DC-63EE-4B23-AC68-ACD9C7444ACF}.Ad-Hoc|Any CPU.ActiveCfg = Release|Any CPU
		{B04F63DC-63EE-4B23-AC68-ACD9C7444ACF}.Ad-Hoc|Any CPU.Build.0 = Release|Any CPU
		{B04F63DC-63EE-4B23-AC68-ACD9C7444ACF}.Ad-Hoc|ARM.ActiveCfg = Release|Any CPU
		{B04F63DC-63EE-4B23-AC68-ACD9C7444ACF}.Ad-Hoc|ARM.Build.0 = Release|Any CPU
		{B04F63DC-63EE-4B23-AC68-ACD9C7444ACF}.Ad-Hoc|iPhone.ActiveCfg = Release|Any CPU
		{B04F63DC-63EE-4B23-AC68-ACD9C7444ACF}.Ad-Hoc|iPhone.Build.0 = Release|Any CPU
		{B04F63DC-63EE-4B23-AC68-ACD9C7444ACF}.Ad-Hoc|iPhoneSimulator.ActiveCfg = Release|Any CPU
		{B04F63DC-63EE-4B23-AC68-ACD9C7444ACF}.Ad-Hoc|iPhoneSimulator.Build.0 = Release|Any CPU
		{B04F63DC-63EE-4B23-AC68-ACD9C7444ACF}.Ad-Hoc|x64.ActiveCfg = Release|Any CPU
		{B04F63DC-63EE-4B23-AC68-ACD9C7444ACF}.Ad-Hoc|x64.Build.0 = Release|Any CPU
		{B04F63DC-63EE-4B23-AC68-ACD9C7444ACF}.Ad-Hoc|x86.ActiveCfg = Release|Any CPU
		{B04F63DC-63EE-4B23-AC68-ACD9C7444ACF}.Ad-Hoc|x86.Build.0 = Release|Any CPU
		{B04F63DC-63EE-4B23-AC68-ACD9C7444ACF}.AppStore|Any CPU.ActiveCfg = Release|Any CPU
		{B04F63DC-63EE-4B23-AC68-ACD9C7444ACF}.AppStore|Any CPU.Build.0 = Release|Any CPU
		{B04F63DC-63EE-4B23-AC68-ACD9C7444ACF}.AppStore|ARM.ActiveCfg = Release|Any CPU
		{B04F63DC-63EE-4B23-AC68-ACD9C7444ACF}.AppStore|ARM.Build.0 = Release|Any CPU
		{B04F63DC-63EE-4B23-AC68-ACD9C7444ACF}.AppStore|iPhone.ActiveCfg = Release|Any CPU
		{B04F63DC-63EE-4B23-AC68-ACD9C7444ACF}.AppStore|iPhone.Build.0 = Release|Any CPU
		{B04F63DC-63EE-4B23-AC68-ACD9C7444ACF}.AppStore|iPhoneSimulator.ActiveCfg = Release|Any CPU
		{B04F63DC-63EE-4B23-AC68-ACD9C7444ACF}.AppStore|iPhoneSimulator.Build.0 = Release|Any CPU
		{B04F63DC-63EE-4B23-AC68-ACD9C7444ACF}.AppStore|x64.ActiveCfg = Release|Any CPU
		{B04F63DC-63EE-4B23-AC68-ACD9C7444ACF}.AppStore|x64.Build.0 = Release|Any CPU
		{B04F63DC-63EE-4B23-AC68-ACD9C7444ACF}.AppStore|x86.ActiveCfg = Release|Any CPU
		{B04F63DC-63EE-4B23-AC68-ACD9C7444ACF}.AppStore|x86.Build.0 = Release|Any CPU
		{B04F63DC-63EE-4B23-AC68-ACD9C7444ACF}.Debug|Any CPU.ActiveCfg = Debug|Any CPU
		{B04F63DC-63EE-4B23-AC68-ACD9C7444ACF}.Debug|Any CPU.Build.0 = Debug|Any CPU
		{B04F63DC-63EE-4B23-AC68-ACD9C7444ACF}.Debug|ARM.ActiveCfg = Debug|Any CPU
		{B04F63DC-63EE-4B23-AC68-ACD9C7444ACF}.Debug|ARM.Build.0 = Debug|Any CPU
		{B04F63DC-63EE-4B23-AC68-ACD9C7444ACF}.Debug|iPhone.ActiveCfg = Debug|Any CPU
		{B04F63DC-63EE-4B23-AC68-ACD9C7444ACF}.Debug|iPhone.Build.0 = Debug|Any CPU
		{B04F63DC-63EE-4B23-AC68-ACD9C7444ACF}.Debug|iPhoneSimulator.ActiveCfg = Debug|Any CPU
		{B04F63DC-63EE-4B23-AC68-ACD9C7444ACF}.Debug|iPhoneSimulator.Build.0 = Debug|Any CPU
		{B04F63DC-63EE-4B23-AC68-ACD9C7444ACF}.Debug|x64.ActiveCfg = Debug|Any CPU
		{B04F63DC-63EE-4B23-AC68-ACD9C7444ACF}.Debug|x64.Build.0 = Debug|Any CPU
		{B04F63DC-63EE-4B23-AC68-ACD9C7444ACF}.Debug|x86.ActiveCfg = Debug|Any CPU
		{B04F63DC-63EE-4B23-AC68-ACD9C7444ACF}.Debug|x86.Build.0 = Debug|Any CPU
		{B04F63DC-63EE-4B23-AC68-ACD9C7444ACF}.Release|Any CPU.ActiveCfg = Release|Any CPU
		{B04F63DC-63EE-4B23-AC68-ACD9C7444ACF}.Release|Any CPU.Build.0 = Release|Any CPU
		{B04F63DC-63EE-4B23-AC68-ACD9C7444ACF}.Release|ARM.ActiveCfg = Release|Any CPU
		{B04F63DC-63EE-4B23-AC68-ACD9C7444ACF}.Release|ARM.Build.0 = Release|Any CPU
		{B04F63DC-63EE-4B23-AC68-ACD9C7444ACF}.Release|iPhone.ActiveCfg = Release|Any CPU
		{B04F63DC-63EE-4B23-AC68-ACD9C7444ACF}.Release|iPhone.Build.0 = Release|Any CPU
		{B04F63DC-63EE-4B23-AC68-ACD9C7444ACF}.Release|iPhoneSimulator.ActiveCfg = Release|Any CPU
		{B04F63DC-63EE-4B23-AC68-ACD9C7444ACF}.Release|iPhoneSimulator.Build.0 = Release|Any CPU
		{B04F63DC-63EE-4B23-AC68-ACD9C7444ACF}.Release|x64.ActiveCfg = Release|Any CPU
		{B04F63DC-63EE-4B23-AC68-ACD9C7444ACF}.Release|x64.Build.0 = Release|Any CPU
		{B04F63DC-63EE-4B23-AC68-ACD9C7444ACF}.Release|x86.ActiveCfg = Release|Any CPU
		{B04F63DC-63EE-4B23-AC68-ACD9C7444ACF}.Release|x86.Build.0 = Release|Any CPU
		{1DBF6812-08E4-471B-98D6-A4947762451F}.Ad-Hoc|Any CPU.ActiveCfg = Release|Any CPU
		{1DBF6812-08E4-471B-98D6-A4947762451F}.Ad-Hoc|Any CPU.Build.0 = Release|Any CPU
		{1DBF6812-08E4-471B-98D6-A4947762451F}.Ad-Hoc|ARM.ActiveCfg = Release|Any CPU
		{1DBF6812-08E4-471B-98D6-A4947762451F}.Ad-Hoc|ARM.Build.0 = Release|Any CPU
		{1DBF6812-08E4-471B-98D6-A4947762451F}.Ad-Hoc|iPhone.ActiveCfg = Release|Any CPU
		{1DBF6812-08E4-471B-98D6-A4947762451F}.Ad-Hoc|iPhone.Build.0 = Release|Any CPU
		{1DBF6812-08E4-471B-98D6-A4947762451F}.Ad-Hoc|iPhoneSimulator.ActiveCfg = Release|Any CPU
		{1DBF6812-08E4-471B-98D6-A4947762451F}.Ad-Hoc|iPhoneSimulator.Build.0 = Release|Any CPU
		{1DBF6812-08E4-471B-98D6-A4947762451F}.Ad-Hoc|x64.ActiveCfg = Release|Any CPU
		{1DBF6812-08E4-471B-98D6-A4947762451F}.Ad-Hoc|x64.Build.0 = Release|Any CPU
		{1DBF6812-08E4-471B-98D6-A4947762451F}.Ad-Hoc|x86.ActiveCfg = Release|Any CPU
		{1DBF6812-08E4-471B-98D6-A4947762451F}.Ad-Hoc|x86.Build.0 = Release|Any CPU
		{1DBF6812-08E4-471B-98D6-A4947762451F}.AppStore|Any CPU.ActiveCfg = Release|Any CPU
		{1DBF6812-08E4-471B-98D6-A4947762451F}.AppStore|Any CPU.Build.0 = Release|Any CPU
		{1DBF6812-08E4-471B-98D6-A4947762451F}.AppStore|ARM.ActiveCfg = Release|Any CPU
		{1DBF6812-08E4-471B-98D6-A4947762451F}.AppStore|ARM.Build.0 = Release|Any CPU
		{1DBF6812-08E4-471B-98D6-A4947762451F}.AppStore|iPhone.ActiveCfg = Release|Any CPU
		{1DBF6812-08E4-471B-98D6-A4947762451F}.AppStore|iPhone.Build.0 = Release|Any CPU
		{1DBF6812-08E4-471B-98D6-A4947762451F}.AppStore|iPhoneSimulator.ActiveCfg = Release|Any CPU
		{1DBF6812-08E4-471B-98D6-A4947762451F}.AppStore|iPhoneSimulator.Build.0 = Release|Any CPU
		{1DBF6812-08E4-471B-98D6-A4947762451F}.AppStore|x64.ActiveCfg = Release|Any CPU
		{1DBF6812-08E4-471B-98D6-A4947762451F}.AppStore|x64.Build.0 = Release|Any CPU
		{1DBF6812-08E4-471B-98D6-A4947762451F}.AppStore|x86.ActiveCfg = Release|Any CPU
		{1DBF6812-08E4-471B-98D6-A4947762451F}.AppStore|x86.Build.0 = Release|Any CPU
		{1DBF6812-08E4-471B-98D6-A4947762451F}.Debug|Any CPU.ActiveCfg = Debug|Any CPU
		{1DBF6812-08E4-471B-98D6-A4947762451F}.Debug|Any CPU.Build.0 = Debug|Any CPU
		{1DBF6812-08E4-471B-98D6-A4947762451F}.Debug|ARM.ActiveCfg = Debug|Any CPU
		{1DBF6812-08E4-471B-98D6-A4947762451F}.Debug|ARM.Build.0 = Debug|Any CPU
		{1DBF6812-08E4-471B-98D6-A4947762451F}.Debug|iPhone.ActiveCfg = Debug|Any CPU
		{1DBF6812-08E4-471B-98D6-A4947762451F}.Debug|iPhone.Build.0 = Debug|Any CPU
		{1DBF6812-08E4-471B-98D6-A4947762451F}.Debug|iPhoneSimulator.ActiveCfg = Debug|Any CPU
		{1DBF6812-08E4-471B-98D6-A4947762451F}.Debug|iPhoneSimulator.Build.0 = Debug|Any CPU
		{1DBF6812-08E4-471B-98D6-A4947762451F}.Debug|x64.ActiveCfg = Debug|Any CPU
		{1DBF6812-08E4-471B-98D6-A4947762451F}.Debug|x64.Build.0 = Debug|Any CPU
		{1DBF6812-08E4-471B-98D6-A4947762451F}.Debug|x86.ActiveCfg = Debug|Any CPU
		{1DBF6812-08E4-471B-98D6-A4947762451F}.Debug|x86.Build.0 = Debug|Any CPU
		{1DBF6812-08E4-471B-98D6-A4947762451F}.Release|Any CPU.ActiveCfg = Release|Any CPU
		{1DBF6812-08E4-471B-98D6-A4947762451F}.Release|Any CPU.Build.0 = Release|Any CPU
		{1DBF6812-08E4-471B-98D6-A4947762451F}.Release|ARM.ActiveCfg = Release|Any CPU
		{1DBF6812-08E4-471B-98D6-A4947762451F}.Release|ARM.Build.0 = Release|Any CPU
		{1DBF6812-08E4-471B-98D6-A4947762451F}.Release|iPhone.ActiveCfg = Release|Any CPU
		{1DBF6812-08E4-471B-98D6-A4947762451F}.Release|iPhone.Build.0 = Release|Any CPU
		{1DBF6812-08E4-471B-98D6-A4947762451F}.Release|iPhoneSimulator.ActiveCfg = Release|Any CPU
		{1DBF6812-08E4-471B-98D6-A4947762451F}.Release|iPhoneSimulator.Build.0 = Release|Any CPU
		{1DBF6812-08E4-471B-98D6-A4947762451F}.Release|x64.ActiveCfg = Release|Any CPU
		{1DBF6812-08E4-471B-98D6-A4947762451F}.Release|x64.Build.0 = Release|Any CPU
		{1DBF6812-08E4-471B-98D6-A4947762451F}.Release|x86.ActiveCfg = Release|Any CPU
		{1DBF6812-08E4-471B-98D6-A4947762451F}.Release|x86.Build.0 = Release|Any CPU
	EndGlobalSection
	GlobalSection(SolutionProperties) = preSolution
		HideSolutionNode = FALSE
	EndGlobalSection
	GlobalSection(NestedProjects) = preSolution
		{B4C662FC-E50B-4040-90DB-F801E1548213} = {DE5C4958-7C0C-41B8-ACA3-118730333074}
		{EDB58188-9C39-447C-8E8B-EA056C30F432} = {DE5C4958-7C0C-41B8-ACA3-118730333074}
		{6BEB6708-B391-46C9-8A2F-E2BD7657993D} = {DE5C4958-7C0C-41B8-ACA3-118730333074}
		{9BEE8034-D7F9-431D-B74A-EBFF17E8FB09} = {DE5C4958-7C0C-41B8-ACA3-118730333074}
		{B04F63DC-63EE-4B23-AC68-ACD9C7444ACF} = {1A07DFF2-7380-4213-9CA2-B1850E841D68}
		{1DBF6812-08E4-471B-98D6-A4947762451F} = {1A07DFF2-7380-4213-9CA2-B1850E841D68}
	EndGlobalSection
EndGlobal
